// !$*UTF8*$!
{
	archiveVersion = 1;
	classes = {
	};
	objectVersion = 52;
	objects = {

/* Begin PBXBuildFile section */
		D3DF7C0C2514B37500CDFED8 /* AppDelegate.swift in Sources */ = {isa = PBXBuildFile; fileRef = D3DF7C0B2514B37500CDFED8 /* AppDelegate.swift */; };
		D3DF7C132514B37500CDFED8 /* Main.storyboard in Resources */ = {isa = PBXBuildFile; fileRef = D3DF7C112514B37500CDFED8 /* Main.storyboard */; };
		D3DF7C152514B37700CDFED8 /* Assets.xcassets in Resources */ = {isa = PBXBuildFile; fileRef = D3DF7C142514B37700CDFED8 /* Assets.xcassets */; };
		D3DF7C182514B37700CDFED8 /* LaunchScreen.storyboard in Resources */ = {isa = PBXBuildFile; fileRef = D3DF7C162514B37700CDFED8 /* LaunchScreen.storyboard */; };
		D3DF7C212514B46000CDFED8 /* OpenCombineDispatch in Frameworks */ = {isa = PBXBuildFile; productRef = D3DF7C202514B46000CDFED8 /* OpenCombineDispatch */; };
		D3DF7C232514B46000CDFED8 /* OpenCombineFoundation in Frameworks */ = {isa = PBXBuildFile; productRef = D3DF7C222514B46000CDFED8 /* OpenCombineFoundation */; };
		D3DF7C252514B46000CDFED8 /* OpenCombine in Frameworks */ = {isa = PBXBuildFile; productRef = D3DF7C242514B46000CDFED8 /* OpenCombine */; };
/* End PBXBuildFile section */

/* Begin PBXFileReference section */
		D3DF7C082514B37500CDFED8 /* OpenCombineUsage.app */ = {isa = PBXFileReference; explicitFileType = wrapper.application; includeInIndex = 0; path = OpenCombineUsage.app; sourceTree = BUILT_PRODUCTS_DIR; };
		D3DF7C0B2514B37500CDFED8 /* AppDelegate.swift */ = {isa = PBXFileReference; lastKnownFileType = sourcecode.swift; path = AppDelegate.swift; sourceTree = "<group>"; };
		D3DF7C122514B37500CDFED8 /* Base */ = {isa = PBXFileReference; lastKnownFileType = file.storyboard; name = Base; path = Base.lproj/Main.storyboard; sourceTree = "<group>"; };
		D3DF7C142514B37700CDFED8 /* Assets.xcassets */ = {isa = PBXFileReference; lastKnownFileType = folder.assetcatalog; path = Assets.xcassets; sourceTree = "<group>"; };
		D3DF7C172514B37700CDFED8 /* Base */ = {isa = PBXFileReference; lastKnownFileType = file.storyboard; name = Base; path = Base.lproj/LaunchScreen.storyboard; sourceTree = "<group>"; };
		D3DF7C192514B37700CDFED8 /* Info.plist */ = {isa = PBXFileReference; lastKnownFileType = text.plist.xml; path = Info.plist; sourceTree = "<group>"; };
/* End PBXFileReference section */

/* Begin PBXFrameworksBuildPhase section */
		D3DF7C052514B37500CDFED8 /* Frameworks */ = {
			isa = PBXFrameworksBuildPhase;
			buildActionMask = 2147483647;
			files = (
				D3DF7C212514B46000CDFED8 /* OpenCombineDispatch in Frameworks */,
				D3DF7C252514B46000CDFED8 /* OpenCombine in Frameworks */,
				D3DF7C232514B46000CDFED8 /* OpenCombineFoundation in Frameworks */,
			);
			runOnlyForDeploymentPostprocessing = 0;
		};
/* End PBXFrameworksBuildPhase section */

/* Begin PBXGroup section */
		D3DF7BFF2514B37500CDFED8 = {
			isa = PBXGroup;
			children = (
				D3DF7C0A2514B37500CDFED8 /* OpenCombineUsage */,
				D3DF7C092514B37500CDFED8 /* Products */,
			);
			sourceTree = "<group>";
		};
		D3DF7C092514B37500CDFED8 /* Products */ = {
			isa = PBXGroup;
			children = (
				D3DF7C082514B37500CDFED8 /* OpenCombineUsage.app */,
			);
			name = Products;
			sourceTree = "<group>";
		};
		D3DF7C0A2514B37500CDFED8 /* OpenCombineUsage */ = {
			isa = PBXGroup;
			children = (
				D3DF7C0B2514B37500CDFED8 /* AppDelegate.swift */,
				D3DF7C112514B37500CDFED8 /* Main.storyboard */,
				D3DF7C142514B37700CDFED8 /* Assets.xcassets */,
				D3DF7C162514B37700CDFED8 /* LaunchScreen.storyboard */,
				D3DF7C192514B37700CDFED8 /* Info.plist */,
			);
			path = OpenCombineUsage;
			sourceTree = "<group>";
		};
/* End PBXGroup section */

/* Begin PBXNativeTarget section */
		D3DF7C072514B37500CDFED8 /* OpenCombineUsage */ = {
			isa = PBXNativeTarget;
			buildConfigurationList = D3DF7C1C2514B37700CDFED8 /* Build configuration list for PBXNativeTarget "OpenCombineUsage" */;
			buildPhases = (
				D3DF7C042514B37500CDFED8 /* Sources */,
				D3DF7C052514B37500CDFED8 /* Frameworks */,
				D3DF7C062514B37500CDFED8 /* Resources */,
			);
			buildRules = (
			);
			dependencies = (
			);
			name = OpenCombineUsage;
			packageProductDependencies = (
				D3DF7C202514B46000CDFED8 /* OpenCombineDispatch */,
				D3DF7C222514B46000CDFED8 /* OpenCombineFoundation */,
				D3DF7C242514B46000CDFED8 /* OpenCombine */,
			);
			productName = OpenCombineUsage;
			productReference = D3DF7C082514B37500CDFED8 /* OpenCombineUsage.app */;
			productType = "com.apple.product-type.application";
		};
/* End PBXNativeTarget section */

/* Begin PBXProject section */
		D3DF7C002514B37500CDFED8 /* Project object */ = {
			isa = PBXProject;
			attributes = {
				LastSwiftUpdateCheck = 1170;
				LastUpgradeCheck = 1170;
				ORGANIZATIONNAME = com.github.albertopeam;
				TargetAttributes = {
					D3DF7C072514B37500CDFED8 = {
						CreatedOnToolsVersion = 11.7;
					};
				};
			};
			buildConfigurationList = D3DF7C032514B37500CDFED8 /* Build configuration list for PBXProject "OpenCombineUsage" */;
			compatibilityVersion = "Xcode 9.3";
			developmentRegion = en;
			hasScannedForEncodings = 0;
			knownRegions = (
				en,
				Base,
			);
			mainGroup = D3DF7BFF2514B37500CDFED8;
			packageReferences = (
				D3DF7C1F2514B45F00CDFED8 /* XCRemoteSwiftPackageReference "OpenCombine" */,
			);
			productRefGroup = D3DF7C092514B37500CDFED8 /* Products */;
			projectDirPath = "";
			projectRoot = "";
			targets = (
				D3DF7C072514B37500CDFED8 /* OpenCombineUsage */,
			);
		};
/* End PBXProject section */

/* Begin PBXResourcesBuildPhase section */
		D3DF7C062514B37500CDFED8 /* Resources */ = {
			isa = PBXResourcesBuildPhase;
			buildActionMask = 2147483647;
			files = (
				D3DF7C182514B37700CDFED8 /* LaunchScreen.storyboard in Resources */,
				D3DF7C152514B37700CDFED8 /* Assets.xcassets in Resources */,
				D3DF7C132514B37500CDFED8 /* Main.storyboard in Resources */,
			);
			runOnlyForDeploymentPostprocessing = 0;
		};
/* End PBXResourcesBuildPhase section */

/* Begin PBXSourcesBuildPhase section */
		D3DF7C042514B37500CDFED8 /* Sources */ = {
			isa = PBXSourcesBuildPhase;
			buildActionMask = 2147483647;
			files = (
				D3DF7C0C2514B37500CDFED8 /* AppDelegate.swift in Sources */,
			);
			runOnlyForDeploymentPostprocessing = 0;
		};
/* End PBXSourcesBuildPhase section */

/* Begin PBXVariantGroup section */
		D3DF7C112514B37500CDFED8 /* Main.storyboard */ = {
			isa = PBXVariantGroup;
			children = (
				D3DF7C122514B37500CDFED8 /* Base */,
			);
			name = Main.storyboard;
			sourceTree = "<group>";
		};
		D3DF7C162514B37700CDFED8 /* LaunchScreen.storyboard */ = {
			isa = PBXVariantGroup;
			children = (
				D3DF7C172514B37700CDFED8 /* Base */,
			);
			name = LaunchScreen.storyboard;
			sourceTree = "<group>";
		};
/* End PBXVariantGroup section */

/* Begin XCBuildConfiguration section */
		D3DF7C1A2514B37700CDFED8 /* Debug */ = {
			isa = XCBuildConfiguration;
			buildSettings = {
				ALWAYS_SEARCH_USER_PATHS = NO;
				CLANG_ANALYZER_NONNULL = YES;
				CLANG_ANALYZER_NUMBER_OBJECT_CONVERSION = YES_AGGRESSIVE;
				CLANG_CXX_LANGUAGE_STANDARD = "gnu++14";
				CLANG_CXX_LIBRARY = "libc++";
				CLANG_ENABLE_MODULES = YES;
				CLANG_ENABLE_OBJC_ARC = YES;
				CLANG_ENABLE_OBJC_WEAK = YES;
				CLANG_WARN_BLOCK_CAPTURE_AUTORELEASING = YES;
				CLANG_WARN_BOOL_CONVERSION = YES;
				CLANG_WARN_COMMA = YES;
				CLANG_WARN_CONSTANT_CONVERSION = YES;
				CLANG_WARN_DEPRECATED_OBJC_IMPLEMENTATIONS = YES;
				CLANG_WARN_DIRECT_OBJC_ISA_USAGE = YES_ERROR;
				CLANG_WARN_DOCUMENTATION_COMMENTS = YES;
				CLANG_WARN_EMPTY_BODY = YES;
				CLANG_WARN_ENUM_CONVERSION = YES;
				CLANG_WARN_INFINITE_RECURSION = YES;
				CLANG_WARN_INT_CONVERSION = YES;
				CLANG_WARN_NON_LITERAL_NULL_CONVERSION = YES;
				CLANG_WARN_OBJC_IMPLICIT_RETAIN_SELF = YES;
				CLANG_WARN_OBJC_LITERAL_CONVERSION = YES;
				CLANG_WARN_OBJC_ROOT_CLASS = YES_ERROR;
				CLANG_WARN_RANGE_LOOP_ANALYSIS = YES;
				CLANG_WARN_STRICT_PROTOTYPES = YES;
				CLANG_WARN_SUSPICIOUS_MOVE = YES;
				CLANG_WARN_UNGUARDED_AVAILABILITY = YES_AGGRESSIVE;
				CLANG_WARN_UNREACHABLE_CODE = YES;
				CLANG_WARN__DUPLICATE_METHOD_MATCH = YES;
				COPY_PHASE_STRIP = NO;
				DEBUG_INFORMATION_FORMAT = dwarf;
				ENABLE_STRICT_OBJC_MSGSEND = YES;
				ENABLE_TESTABILITY = YES;
				GCC_C_LANGUAGE_STANDARD = gnu11;
				GCC_DYNAMIC_NO_PIC = NO;
				GCC_NO_COMMON_BLOCKS = YES;
				GCC_OPTIMIZATION_LEVEL = 0;
				GCC_PREPROCESSOR_DEFINITIONS = (
					"DEBUG=1",
					"$(inherited)",
				);
				GCC_WARN_64_TO_32_BIT_CONVERSION = YES;
				GCC_WARN_ABOUT_RETURN_TYPE = YES_ERROR;
				GCC_WARN_UNDECLARED_SELECTOR = YES;
				GCC_WARN_UNINITIALIZED_AUTOS = YES_AGGRESSIVE;
				GCC_WARN_UNUSED_FUNCTION = YES;
				GCC_WARN_UNUSED_VARIABLE = YES;
				IPHONEOS_DEPLOYMENT_TARGET = 13.7;
				MTL_ENABLE_DEBUG_INFO = INCLUDE_SOURCE;
				MTL_FAST_MATH = YES;
				ONLY_ACTIVE_ARCH = YES;
				SDKROOT = iphoneos;
				SWIFT_ACTIVE_COMPILATION_CONDITIONS = DEBUG;
				SWIFT_OPTIMIZATION_LEVEL = "-Onone";
			};
			name = Debug;
		};
		D3DF7C1B2514B37700CDFED8 /* Release */ = {
			isa = XCBuildConfiguration;
			buildSettings = {
				ALWAYS_SEARCH_USER_PATHS = NO;
				CLANG_ANALYZER_NONNULL = YES;
				CLANG_ANALYZER_NUMBER_OBJECT_CONVERSION = YES_AGGRESSIVE;
				CLANG_CXX_LANGUAGE_STANDARD = "gnu++14";
				CLANG_CXX_LIBRARY = "libc++";
				CLANG_ENABLE_MODULES = YES;
				CLANG_ENABLE_OBJC_ARC = YES;
				CLANG_ENABLE_OBJC_WEAK = YES;
				CLANG_WARN_BLOCK_CAPTURE_AUTORELEASING = YES;
				CLANG_WARN_BOOL_CONVERSION = YES;
				CLANG_WARN_COMMA = YES;
				CLANG_WARN_CONSTANT_CONVERSION = YES;
				CLANG_WARN_DEPRECATED_OBJC_IMPLEMENTATIONS = YES;
				CLANG_WARN_DIRECT_OBJC_ISA_USAGE = YES_ERROR;
				CLANG_WARN_DOCUMENTATION_COMMENTS = YES;
				CLANG_WARN_EMPTY_BODY = YES;
				CLANG_WARN_ENUM_CONVERSION = YES;
				CLANG_WARN_INFINITE_RECURSION = YES;
				CLANG_WARN_INT_CONVERSION = YES;
				CLANG_WARN_NON_LITERAL_NULL_CONVERSION = YES;
				CLANG_WARN_OBJC_IMPLICIT_RETAIN_SELF = YES;
				CLANG_WARN_OBJC_LITERAL_CONVERSION = YES;
				CLANG_WARN_OBJC_ROOT_CLASS = YES_ERROR;
				CLANG_WARN_RANGE_LOOP_ANALYSIS = YES;
				CLANG_WARN_STRICT_PROTOTYPES = YES;
				CLANG_WARN_SUSPICIOUS_MOVE = YES;
				CLANG_WARN_UNGUARDED_AVAILABILITY = YES_AGGRESSIVE;
				CLANG_WARN_UNREACHABLE_CODE = YES;
				CLANG_WARN__DUPLICATE_METHOD_MATCH = YES;
				COPY_PHASE_STRIP = NO;
				DEBUG_INFORMATION_FORMAT = "dwarf-with-dsym";
				ENABLE_NS_ASSERTIONS = NO;
				ENABLE_STRICT_OBJC_MSGSEND = YES;
				GCC_C_LANGUAGE_STANDARD = gnu11;
				GCC_NO_COMMON_BLOCKS = YES;
				GCC_WARN_64_TO_32_BIT_CONVERSION = YES;
				GCC_WARN_ABOUT_RETURN_TYPE = YES_ERROR;
				GCC_WARN_UNDECLARED_SELECTOR = YES;
				GCC_WARN_UNINITIALIZED_AUTOS = YES_AGGRESSIVE;
				GCC_WARN_UNUSED_FUNCTION = YES;
				GCC_WARN_UNUSED_VARIABLE = YES;
				IPHONEOS_DEPLOYMENT_TARGET = 13.7;
				MTL_ENABLE_DEBUG_INFO = NO;
				MTL_FAST_MATH = YES;
				SDKROOT = iphoneos;
				SWIFT_COMPILATION_MODE = wholemodule;
				SWIFT_OPTIMIZATION_LEVEL = "-O";
				VALIDATE_PRODUCT = YES;
			};
			name = Release;
		};
		D3DF7C1D2514B37700CDFED8 /* Debug */ = {
			isa = XCBuildConfiguration;
			buildSettings = {
				ASSETCATALOG_COMPILER_APPICON_NAME = AppIcon;
				CODE_SIGN_STYLE = Automatic;
				DEVELOPMENT_TEAM = U36872D6G6;
				INFOPLIST_FILE = OpenCombineUsage/Info.plist;
				IPHONEOS_DEPLOYMENT_TARGET = 10.0;
				LD_RUNPATH_SEARCH_PATHS = (
					"$(inherited)",
					"@executable_path/Frameworks",
				);
				PRODUCT_BUNDLE_IDENTIFIER = com.github.albertopeam.OpenCombineUsage;
				PRODUCT_NAME = "$(TARGET_NAME)";
				SWIFT_VERSION = 5.0;
				TARGETED_DEVICE_FAMILY = "1,2";
			};
			name = Debug;
		};
		D3DF7C1E2514B37700CDFED8 /* Release */ = {
			isa = XCBuildConfiguration;
			buildSettings = {
				ASSETCATALOG_COMPILER_APPICON_NAME = AppIcon;
				CODE_SIGN_STYLE = Automatic;
				DEVELOPMENT_TEAM = U36872D6G6;
				INFOPLIST_FILE = OpenCombineUsage/Info.plist;
				IPHONEOS_DEPLOYMENT_TARGET = 10.0;
				LD_RUNPATH_SEARCH_PATHS = (
					"$(inherited)",
					"@executable_path/Frameworks",
				);
				PRODUCT_BUNDLE_IDENTIFIER = com.github.albertopeam.OpenCombineUsage;
				PRODUCT_NAME = "$(TARGET_NAME)";
				SWIFT_VERSION = 5.0;
				TARGETED_DEVICE_FAMILY = "1,2";
			};
			name = Release;
		};
/* End XCBuildConfiguration section */

/* Begin XCConfigurationList section */
		D3DF7C032514B37500CDFED8 /* Build configuration list for PBXProject "OpenCombineUsage" */ = {
			isa = XCConfigurationList;
			buildConfigurations = (
				D3DF7C1A2514B37700CDFED8 /* Debug */,
				D3DF7C1B2514B37700CDFED8 /* Release */,
			);
			defaultConfigurationIsVisible = 0;
			defaultConfigurationName = Release;
		};
		D3DF7C1C2514B37700CDFED8 /* Build configuration list for PBXNativeTarget "OpenCombineUsage" */ = {
			isa = XCConfigurationList;
			buildConfigurations = (
				D3DF7C1D2514B37700CDFED8 /* Debug */,
				D3DF7C1E2514B37700CDFED8 /* Release */,
			);
			defaultConfigurationIsVisible = 0;
			defaultConfigurationName = Release;
		};
/* End XCConfigurationList section */

/* Begin XCRemoteSwiftPackageReference section */
		D3DF7C1F2514B45F00CDFED8 /* XCRemoteSwiftPackageReference "OpenCombine" */ = {
			isa = XCRemoteSwiftPackageReference;
			repositoryURL = "https://github.com/OpenCombine/OpenCombine";
			requirement = {
				kind = upToNextMajorVersion;
				minimumVersion = 0.10.0;
			};
		};
/* End XCRemoteSwiftPackageReference section */

/* Begin XCSwiftPackageProductDependency section */
		D3DF7C202514B46000CDFED8 /* OpenCombineDispatch */ = {
			isa = XCSwiftPackageProductDependency;
			package = D3DF7C1F2514B45F00CDFED8 /* XCRemoteSwiftPackageReference "OpenCombine" */;
			productName = OpenCombineDispatch;
		};
		D3DF7C222514B46000CDFED8 /* OpenCombineFoundation */ = {
			isa = XCSwiftPackageProductDependency;
			package = D3DF7C1F2514B45F00CDFED8 /* XCRemoteSwiftPackageReference "OpenCombine" */;
			productName = OpenCombineFoundation;
		};
		D3DF7C242514B46000CDFED8 /* OpenCombine */ = {
			isa = XCSwiftPackageProductDependency;
			package = D3DF7C1F2514B45F00CDFED8 /* XCRemoteSwiftPackageReference "OpenCombine" */;
			productName = OpenCombine;
		};
/* End XCSwiftPackageProductDependency section */
	};
	rootObject = D3DF7C002514B37500CDFED8 /* Project object */;
}
