// !$*UTF8*$!
{
	archiveVersion = 1;
	classes = {
	};
	objectVersion = 55;
	objects = {

/* Begin PBXBuildFile section */
		D31529E8287B5F8300E85D56 /* ReduxApp.swift in Sources */ = {isa = PBXBuildFile; fileRef = D31529E7287B5F8300E85D56 /* ReduxApp.swift */; };
		D31529EA287B5F8300E85D56 /* CounterView.swift in Sources */ = {isa = PBXBuildFile; fileRef = D31529E9287B5F8300E85D56 /* CounterView.swift */; };
		D31529EC287B5F8500E85D56 /* Assets.xcassets in Resources */ = {isa = PBXBuildFile; fileRef = D31529EB287B5F8500E85D56 /* Assets.xcassets */; };
		D31529EF287B5F8500E85D56 /* Preview Assets.xcassets in Resources */ = {isa = PBXBuildFile; fileRef = D31529EE287B5F8500E85D56 /* Preview Assets.xcassets */; };
		D31529F9287B5F8500E85D56 /* CounterReducerTests.swift in Sources */ = {isa = PBXBuildFile; fileRef = D31529F8287B5F8500E85D56 /* CounterReducerTests.swift */; };
		D3152A03287B5F8500E85D56 /* ReduxUITests.swift in Sources */ = {isa = PBXBuildFile; fileRef = D3152A02287B5F8500E85D56 /* ReduxUITests.swift */; };
		D3152A05287B5F8500E85D56 /* ReduxUITestsLaunchTests.swift in Sources */ = {isa = PBXBuildFile; fileRef = D3152A04287B5F8500E85D56 /* ReduxUITestsLaunchTests.swift */; };
		D324F06228806D3000BCEADB /* MiddlewareBuilder.swift in Sources */ = {isa = PBXBuildFile; fileRef = D324F06128806D3000BCEADB /* MiddlewareBuilder.swift */; };
		D324F06428806D7B00BCEADB /* LogMiddleware.swift in Sources */ = {isa = PBXBuildFile; fileRef = D324F06328806D7B00BCEADB /* LogMiddleware.swift */; };
		D324F0662880708F00BCEADB /* Store+AsyncSequence.swift in Sources */ = {isa = PBXBuildFile; fileRef = D324F0652880708F00BCEADB /* Store+AsyncSequence.swift */; };
		D324F068288070C100BCEADB /* Store+Future.swift in Sources */ = {isa = PBXBuildFile; fileRef = D324F067288070C100BCEADB /* Store+Future.swift */; };
		D324F06A288070DE00BCEADB /* Store+Publisher.swift in Sources */ = {isa = PBXBuildFile; fileRef = D324F069288070DE00BCEADB /* Store+Publisher.swift */; };
		D324F06D2880728900BCEADB /* AsyncCounterView.swift in Sources */ = {isa = PBXBuildFile; fileRef = D324F06C2880728900BCEADB /* AsyncCounterView.swift */; };
		D324F0702880B27500BCEADB /* AsyncCounterState.swift in Sources */ = {isa = PBXBuildFile; fileRef = D324F06F2880B27500BCEADB /* AsyncCounterState.swift */; };
		D324F0722880B2B000BCEADB /* AsyncCounterStore.swift in Sources */ = {isa = PBXBuildFile; fileRef = D324F0712880B2B000BCEADB /* AsyncCounterStore.swift */; };
		D324F0742880B34300BCEADB /* AsyncCounterAction.swift in Sources */ = {isa = PBXBuildFile; fileRef = D324F0732880B34300BCEADB /* AsyncCounterAction.swift */; };
		D324F0762880B3A900BCEADB /* AsyncCounterReducer.swift in Sources */ = {isa = PBXBuildFile; fileRef = D324F0752880B3A900BCEADB /* AsyncCounterReducer.swift */; };
		D324F0792880B59900BCEADB /* AnalyticsMiddleware.swift in Sources */ = {isa = PBXBuildFile; fileRef = D324F0782880B59900BCEADB /* AnalyticsMiddleware.swift */; };
		D324F07B28813EAE00BCEADB /* ProgressView+Visibility.swift in Sources */ = {isa = PBXBuildFile; fileRef = D324F07A28813EAE00BCEADB /* ProgressView+Visibility.swift */; };
		D3B65F1E28842DD300814435 /* AsyncStreamAction.swift in Sources */ = {isa = PBXBuildFile; fileRef = D3B65F1D28842DD300814435 /* AsyncStreamAction.swift */; };
		D3B65F2028842DF800814435 /* AsyncStreamState.swift in Sources */ = {isa = PBXBuildFile; fileRef = D3B65F1F28842DF800814435 /* AsyncStreamState.swift */; };
		D3B65F2228842E1500814435 /* AsyncStreamStore.swift in Sources */ = {isa = PBXBuildFile; fileRef = D3B65F2128842E1500814435 /* AsyncStreamStore.swift */; };
		D3B65F2428842F9400814435 /* AsyncSteamAnalyticsMiddleware.swift in Sources */ = {isa = PBXBuildFile; fileRef = D3B65F2328842F9400814435 /* AsyncSteamAnalyticsMiddleware.swift */; };
		D3B65F272884311700814435 /* Stream.swift in Sources */ = {isa = PBXBuildFile; fileRef = D3B65F262884311700814435 /* Stream.swift */; };
		D3B65F292884315E00814435 /* StreamIterator.swift in Sources */ = {isa = PBXBuildFile; fileRef = D3B65F282884315E00814435 /* StreamIterator.swift */; };
		D3B65F2B2884342400814435 /* StoreV3.swift in Sources */ = {isa = PBXBuildFile; fileRef = D3B65F2A2884342400814435 /* StoreV3.swift */; };
		D3B65F2D2884343A00814435 /* StoreV2.swift in Sources */ = {isa = PBXBuildFile; fileRef = D3B65F2C2884343A00814435 /* StoreV2.swift */; };
		D3D6BAD2287EF0A900FCEC30 /* Store.swift in Sources */ = {isa = PBXBuildFile; fileRef = D3D6BAD1287EF0A900FCEC30 /* Store.swift */; };
		D3D6BAD6287EF41600FCEC30 /* CounterState.swift in Sources */ = {isa = PBXBuildFile; fileRef = D3D6BAD5287EF41600FCEC30 /* CounterState.swift */; };
		D3D6BAD9287EF46A00FCEC30 /* CounterAction.swift in Sources */ = {isa = PBXBuildFile; fileRef = D3D6BAD8287EF46A00FCEC30 /* CounterAction.swift */; };
		D3D6BADB287EF47C00FCEC30 /* CounterReducer.swift in Sources */ = {isa = PBXBuildFile; fileRef = D3D6BADA287EF47C00FCEC30 /* CounterReducer.swift */; };
		D3D6BADD287EF52C00FCEC30 /* Reducers.swift in Sources */ = {isa = PBXBuildFile; fileRef = D3D6BADC287EF52C00FCEC30 /* Reducers.swift */; };
		D3D6BADF287EF9B800FCEC30 /* CounterStore.swift in Sources */ = {isa = PBXBuildFile; fileRef = D3D6BADE287EF9B800FCEC30 /* CounterStore.swift */; };
		D3D6BAE1287F171200FCEC30 /* State.swift in Sources */ = {isa = PBXBuildFile; fileRef = D3D6BAE0287F171200FCEC30 /* State.swift */; };
		D3D6BAE6287F1A1E00FCEC30 /* StoreTests.swift in Sources */ = {isa = PBXBuildFile; fileRef = D3D6BAE5287F1A1E00FCEC30 /* StoreTests.swift */; };
		D3D6BAE8287F218C00FCEC30 /* Middleware.swift in Sources */ = {isa = PBXBuildFile; fileRef = D3D6BAE7287F218C00FCEC30 /* Middleware.swift */; };
		D3D6BAEA287F236300FCEC30 /* AnyMiddleware.swift in Sources */ = {isa = PBXBuildFile; fileRef = D3D6BAE9287F236300FCEC30 /* AnyMiddleware.swift */; };
		D3D6BAEC287F24CB00FCEC30 /* EchoMiddleware.swift in Sources */ = {isa = PBXBuildFile; fileRef = D3D6BAEB287F24CB00FCEC30 /* EchoMiddleware.swift */; };
		D3D6BAEE287F27BF00FCEC30 /* MiddlewarePipeline.swift in Sources */ = {isa = PBXBuildFile; fileRef = D3D6BAED287F27BF00FCEC30 /* MiddlewarePipeline.swift */; };
		D3F6E22B2881BDDD005834AB /* Button+Enabled.swift in Sources */ = {isa = PBXBuildFile; fileRef = D3F6E22A2881BDDD005834AB /* Button+Enabled.swift */; };
		D3F6E22F2882E3A6005834AB /* AsyncStreamReducer.swift in Sources */ = {isa = PBXBuildFile; fileRef = D3F6E22E2882E3A6005834AB /* AsyncStreamReducer.swift */; };
		D3F6E2312883325A005834AB /* AsyncStreamView.swift in Sources */ = {isa = PBXBuildFile; fileRef = D3F6E2302883325A005834AB /* AsyncStreamView.swift */; };
/* End PBXBuildFile section */

/* Begin PBXContainerItemProxy section */
		D31529F5287B5F8500E85D56 /* PBXContainerItemProxy */ = {
			isa = PBXContainerItemProxy;
			containerPortal = D31529DC287B5F8200E85D56 /* Project object */;
			proxyType = 1;
			remoteGlobalIDString = D31529E3287B5F8200E85D56;
			remoteInfo = Redux;
		};
		D31529FF287B5F8500E85D56 /* PBXContainerItemProxy */ = {
			isa = PBXContainerItemProxy;
			containerPortal = D31529DC287B5F8200E85D56 /* Project object */;
			proxyType = 1;
			remoteGlobalIDString = D31529E3287B5F8200E85D56;
			remoteInfo = Redux;
		};
/* End PBXContainerItemProxy section */

/* Begin PBXFileReference section */
		D31529E4287B5F8300E85D56 /* Redux.app */ = {isa = PBXFileReference; explicitFileType = wrapper.application; includeInIndex = 0; path = Redux.app; sourceTree = BUILT_PRODUCTS_DIR; };
		D31529E7287B5F8300E85D56 /* ReduxApp.swift */ = {isa = PBXFileReference; lastKnownFileType = sourcecode.swift; path = ReduxApp.swift; sourceTree = "<group>"; };
		D31529E9287B5F8300E85D56 /* CounterView.swift */ = {isa = PBXFileReference; lastKnownFileType = sourcecode.swift; path = CounterView.swift; sourceTree = "<group>"; };
		D31529EB287B5F8500E85D56 /* Assets.xcassets */ = {isa = PBXFileReference; lastKnownFileType = folder.assetcatalog; path = Assets.xcassets; sourceTree = "<group>"; };
		D31529EE287B5F8500E85D56 /* Preview Assets.xcassets */ = {isa = PBXFileReference; lastKnownFileType = folder.assetcatalog; path = "Preview Assets.xcassets"; sourceTree = "<group>"; };
		D31529F4287B5F8500E85D56 /* ReduxTests.xctest */ = {isa = PBXFileReference; explicitFileType = wrapper.cfbundle; includeInIndex = 0; path = ReduxTests.xctest; sourceTree = BUILT_PRODUCTS_DIR; };
		D31529F8287B5F8500E85D56 /* CounterReducerTests.swift */ = {isa = PBXFileReference; lastKnownFileType = sourcecode.swift; path = CounterReducerTests.swift; sourceTree = "<group>"; };
		D31529FE287B5F8500E85D56 /* ReduxUITests.xctest */ = {isa = PBXFileReference; explicitFileType = wrapper.cfbundle; includeInIndex = 0; path = ReduxUITests.xctest; sourceTree = BUILT_PRODUCTS_DIR; };
		D3152A02287B5F8500E85D56 /* ReduxUITests.swift */ = {isa = PBXFileReference; lastKnownFileType = sourcecode.swift; path = ReduxUITests.swift; sourceTree = "<group>"; };
		D3152A04287B5F8500E85D56 /* ReduxUITestsLaunchTests.swift */ = {isa = PBXFileReference; lastKnownFileType = sourcecode.swift; path = ReduxUITestsLaunchTests.swift; sourceTree = "<group>"; };
		D324F06128806D3000BCEADB /* MiddlewareBuilder.swift */ = {isa = PBXFileReference; lastKnownFileType = sourcecode.swift; path = MiddlewareBuilder.swift; sourceTree = "<group>"; };
		D324F06328806D7B00BCEADB /* LogMiddleware.swift */ = {isa = PBXFileReference; lastKnownFileType = sourcecode.swift; path = LogMiddleware.swift; sourceTree = "<group>"; };
		D324F0652880708F00BCEADB /* Store+AsyncSequence.swift */ = {isa = PBXFileReference; lastKnownFileType = sourcecode.swift; path = "Store+AsyncSequence.swift"; sourceTree = "<group>"; };
		D324F067288070C100BCEADB /* Store+Future.swift */ = {isa = PBXFileReference; lastKnownFileType = sourcecode.swift; path = "Store+Future.swift"; sourceTree = "<group>"; };
		D324F069288070DE00BCEADB /* Store+Publisher.swift */ = {isa = PBXFileReference; lastKnownFileType = sourcecode.swift; path = "Store+Publisher.swift"; sourceTree = "<group>"; };
		D324F06C2880728900BCEADB /* AsyncCounterView.swift */ = {isa = PBXFileReference; lastKnownFileType = sourcecode.swift; path = AsyncCounterView.swift; sourceTree = "<group>"; };
		D324F06F2880B27500BCEADB /* AsyncCounterState.swift */ = {isa = PBXFileReference; lastKnownFileType = sourcecode.swift; path = AsyncCounterState.swift; sourceTree = "<group>"; };
		D324F0712880B2B000BCEADB /* AsyncCounterStore.swift */ = {isa = PBXFileReference; lastKnownFileType = sourcecode.swift; path = AsyncCounterStore.swift; sourceTree = "<group>"; };
		D324F0732880B34300BCEADB /* AsyncCounterAction.swift */ = {isa = PBXFileReference; lastKnownFileType = sourcecode.swift; path = AsyncCounterAction.swift; sourceTree = "<group>"; };
		D324F0752880B3A900BCEADB /* AsyncCounterReducer.swift */ = {isa = PBXFileReference; lastKnownFileType = sourcecode.swift; path = AsyncCounterReducer.swift; sourceTree = "<group>"; };
		D324F0782880B59900BCEADB /* AnalyticsMiddleware.swift */ = {isa = PBXFileReference; lastKnownFileType = sourcecode.swift; path = AnalyticsMiddleware.swift; sourceTree = "<group>"; };
		D324F07A28813EAE00BCEADB /* ProgressView+Visibility.swift */ = {isa = PBXFileReference; lastKnownFileType = sourcecode.swift; path = "ProgressView+Visibility.swift"; sourceTree = "<group>"; };
		D3B65F1D28842DD300814435 /* AsyncStreamAction.swift */ = {isa = PBXFileReference; lastKnownFileType = sourcecode.swift; path = AsyncStreamAction.swift; sourceTree = "<group>"; };
		D3B65F1F28842DF800814435 /* AsyncStreamState.swift */ = {isa = PBXFileReference; lastKnownFileType = sourcecode.swift; path = AsyncStreamState.swift; sourceTree = "<group>"; };
		D3B65F2128842E1500814435 /* AsyncStreamStore.swift */ = {isa = PBXFileReference; lastKnownFileType = sourcecode.swift; path = AsyncStreamStore.swift; sourceTree = "<group>"; };
		D3B65F2328842F9400814435 /* AsyncSteamAnalyticsMiddleware.swift */ = {isa = PBXFileReference; lastKnownFileType = sourcecode.swift; path = AsyncSteamAnalyticsMiddleware.swift; sourceTree = "<group>"; };
		D3B65F262884311700814435 /* Stream.swift */ = {isa = PBXFileReference; lastKnownFileType = sourcecode.swift; path = Stream.swift; sourceTree = "<group>"; };
		D3B65F282884315E00814435 /* StreamIterator.swift */ = {isa = PBXFileReference; lastKnownFileType = sourcecode.swift; path = StreamIterator.swift; sourceTree = "<group>"; };
		D3B65F2A2884342400814435 /* StoreV3.swift */ = {isa = PBXFileReference; lastKnownFileType = sourcecode.swift; path = StoreV3.swift; sourceTree = "<group>"; };
		D3B65F2C2884343A00814435 /* StoreV2.swift */ = {isa = PBXFileReference; lastKnownFileType = sourcecode.swift; path = StoreV2.swift; sourceTree = "<group>"; };
		D3D6BAD1287EF0A900FCEC30 /* Store.swift */ = {isa = PBXFileReference; lastKnownFileType = sourcecode.swift; path = Store.swift; sourceTree = "<group>"; };
		D3D6BAD5287EF41600FCEC30 /* CounterState.swift */ = {isa = PBXFileReference; lastKnownFileType = sourcecode.swift; path = CounterState.swift; sourceTree = "<group>"; };
		D3D6BAD8287EF46A00FCEC30 /* CounterAction.swift */ = {isa = PBXFileReference; lastKnownFileType = sourcecode.swift; path = CounterAction.swift; sourceTree = "<group>"; };
		D3D6BADA287EF47C00FCEC30 /* CounterReducer.swift */ = {isa = PBXFileReference; lastKnownFileType = sourcecode.swift; path = CounterReducer.swift; sourceTree = "<group>"; };
		D3D6BADC287EF52C00FCEC30 /* Reducers.swift */ = {isa = PBXFileReference; lastKnownFileType = sourcecode.swift; path = Reducers.swift; sourceTree = "<group>"; };
		D3D6BADE287EF9B800FCEC30 /* CounterStore.swift */ = {isa = PBXFileReference; lastKnownFileType = sourcecode.swift; path = CounterStore.swift; sourceTree = "<group>"; };
		D3D6BAE0287F171200FCEC30 /* State.swift */ = {isa = PBXFileReference; lastKnownFileType = sourcecode.swift; path = State.swift; sourceTree = "<group>"; };
		D3D6BAE5287F1A1E00FCEC30 /* StoreTests.swift */ = {isa = PBXFileReference; lastKnownFileType = sourcecode.swift; path = StoreTests.swift; sourceTree = "<group>"; };
		D3D6BAE7287F218C00FCEC30 /* Middleware.swift */ = {isa = PBXFileReference; lastKnownFileType = sourcecode.swift; path = Middleware.swift; sourceTree = "<group>"; };
		D3D6BAE9287F236300FCEC30 /* AnyMiddleware.swift */ = {isa = PBXFileReference; lastKnownFileType = sourcecode.swift; path = AnyMiddleware.swift; sourceTree = "<group>"; };
		D3D6BAEB287F24CB00FCEC30 /* EchoMiddleware.swift */ = {isa = PBXFileReference; lastKnownFileType = sourcecode.swift; path = EchoMiddleware.swift; sourceTree = "<group>"; };
		D3D6BAED287F27BF00FCEC30 /* MiddlewarePipeline.swift */ = {isa = PBXFileReference; lastKnownFileType = sourcecode.swift; path = MiddlewarePipeline.swift; sourceTree = "<group>"; };
		D3F6E22A2881BDDD005834AB /* Button+Enabled.swift */ = {isa = PBXFileReference; lastKnownFileType = sourcecode.swift; path = "Button+Enabled.swift"; sourceTree = "<group>"; };
		D3F6E22E2882E3A6005834AB /* AsyncStreamReducer.swift */ = {isa = PBXFileReference; lastKnownFileType = sourcecode.swift; path = AsyncStreamReducer.swift; sourceTree = "<group>"; };
		D3F6E2302883325A005834AB /* AsyncStreamView.swift */ = {isa = PBXFileReference; lastKnownFileType = sourcecode.swift; path = AsyncStreamView.swift; sourceTree = "<group>"; };
/* End PBXFileReference section */

/* Begin PBXFrameworksBuildPhase section */
		D31529E1287B5F8200E85D56 /* Frameworks */ = {
			isa = PBXFrameworksBuildPhase;
			buildActionMask = 2147483647;
			files = (
			);
			runOnlyForDeploymentPostprocessing = 0;
		};
		D31529F1287B5F8500E85D56 /* Frameworks */ = {
			isa = PBXFrameworksBuildPhase;
			buildActionMask = 2147483647;
			files = (
			);
			runOnlyForDeploymentPostprocessing = 0;
		};
		D31529FB287B5F8500E85D56 /* Frameworks */ = {
			isa = PBXFrameworksBuildPhase;
			buildActionMask = 2147483647;
			files = (
			);
			runOnlyForDeploymentPostprocessing = 0;
		};
/* End PBXFrameworksBuildPhase section */

/* Begin PBXGroup section */
		D31529DB287B5F8200E85D56 = {
			isa = PBXGroup;
			children = (
				D31529E6287B5F8300E85D56 /* Redux */,
				D31529F7287B5F8500E85D56 /* ReduxTests */,
				D3152A01287B5F8500E85D56 /* ReduxUITests */,
				D31529E5287B5F8300E85D56 /* Products */,
			);
			sourceTree = "<group>";
		};
		D31529E5287B5F8300E85D56 /* Products */ = {
			isa = PBXGroup;
			children = (
				D31529E4287B5F8300E85D56 /* Redux.app */,
				D31529F4287B5F8500E85D56 /* ReduxTests.xctest */,
				D31529FE287B5F8500E85D56 /* ReduxUITests.xctest */,
			);
			name = Products;
			sourceTree = "<group>";
		};
		D31529E6287B5F8300E85D56 /* Redux */ = {
			isa = PBXGroup;
			children = (
				D3B65F1B28842D8F00814435 /* AsyncStreamCounter */,
				D3F6E22C2881BDEA005834AB /* SwiftUIExtensions */,
				D324F06B2880724700BCEADB /* AsyncCounter */,
				D3D6BAD4287EF40200FCEC30 /* Counter */,
				D3D6BAD3287EF0AD00FCEC30 /* Lib */,
				D31529E7287B5F8300E85D56 /* ReduxApp.swift */,
				D3D6BADC287EF52C00FCEC30 /* Reducers.swift */,
				D31529EB287B5F8500E85D56 /* Assets.xcassets */,
				D31529ED287B5F8500E85D56 /* Preview Content */,
			);
			path = Redux;
			sourceTree = "<group>";
		};
		D31529ED287B5F8500E85D56 /* Preview Content */ = {
			isa = PBXGroup;
			children = (
				D31529EE287B5F8500E85D56 /* Preview Assets.xcassets */,
			);
			path = "Preview Content";
			sourceTree = "<group>";
		};
		D31529F7287B5F8500E85D56 /* ReduxTests */ = {
			isa = PBXGroup;
			children = (
				D3D6BAE4287F1A0E00FCEC30 /* Lib */,
				D3D6BAE2287F19D700FCEC30 /* Counter */,
			);
			path = ReduxTests;
			sourceTree = "<group>";
		};
		D3152A01287B5F8500E85D56 /* ReduxUITests */ = {
			isa = PBXGroup;
			children = (
				D3152A02287B5F8500E85D56 /* ReduxUITests.swift */,
				D3152A04287B5F8500E85D56 /* ReduxUITestsLaunchTests.swift */,
			);
			path = ReduxUITests;
			sourceTree = "<group>";
		};
		D324F06B2880724700BCEADB /* AsyncCounter */ = {
			isa = PBXGroup;
			children = (
				D324F06E2880B26000BCEADB /* Model */,
				D324F06C2880728900BCEADB /* AsyncCounterView.swift */,
			);
			path = AsyncCounter;
			sourceTree = "<group>";
		};
		D324F06E2880B26000BCEADB /* Model */ = {
			isa = PBXGroup;
			children = (
				D324F0782880B59900BCEADB /* AnalyticsMiddleware.swift */,
				D324F06F2880B27500BCEADB /* AsyncCounterState.swift */,
				D324F0712880B2B000BCEADB /* AsyncCounterStore.swift */,
				D324F0732880B34300BCEADB /* AsyncCounterAction.swift */,
				D324F0752880B3A900BCEADB /* AsyncCounterReducer.swift */,
			);
			path = Model;
			sourceTree = "<group>";
		};
		D3B65F1B28842D8F00814435 /* AsyncStreamCounter */ = {
			isa = PBXGroup;
			children = (
				D3B65F1C28842DA300814435 /* Model */,
				D3F6E2302883325A005834AB /* AsyncStreamView.swift */,
			);
			path = AsyncStreamCounter;
			sourceTree = "<group>";
		};
		D3B65F1C28842DA300814435 /* Model */ = {
			isa = PBXGroup;
			children = (
				D3F6E22E2882E3A6005834AB /* AsyncStreamReducer.swift */,
				D3B65F1D28842DD300814435 /* AsyncStreamAction.swift */,
				D3B65F1F28842DF800814435 /* AsyncStreamState.swift */,
				D3B65F2128842E1500814435 /* AsyncStreamStore.swift */,
				D3B65F2328842F9400814435 /* AsyncSteamAnalyticsMiddleware.swift */,
			);
			path = Model;
			sourceTree = "<group>";
		};
		D3B65F252884310D00814435 /* Stream */ = {
			isa = PBXGroup;
			children = (
				D3B65F262884311700814435 /* Stream.swift */,
				D3B65F282884315E00814435 /* StreamIterator.swift */,
			);
			path = Stream;
			sourceTree = "<group>";
		};
		D3B65F2E2884345600814435 /* Middleware */ = {
			isa = PBXGroup;
			children = (
				D3D6BAE9287F236300FCEC30 /* AnyMiddleware.swift */,
				D3D6BAEB287F24CB00FCEC30 /* EchoMiddleware.swift */,
				D324F06328806D7B00BCEADB /* LogMiddleware.swift */,
				D3D6BAE7287F218C00FCEC30 /* Middleware.swift */,
				D324F06128806D3000BCEADB /* MiddlewareBuilder.swift */,
				D3D6BAED287F27BF00FCEC30 /* MiddlewarePipeline.swift */,
			);
			path = Middleware;
			sourceTree = "<group>";
		};
		D3D6BAD3287EF0AD00FCEC30 /* Lib */ = {
			isa = PBXGroup;
			children = (
				D3B65F2E2884345600814435 /* Middleware */,
				D3B65F252884310D00814435 /* Stream */,
				D3D6BAE0287F171200FCEC30 /* State.swift */,
				D3D6BAD1287EF0A900FCEC30 /* Store.swift */,
				D3B65F2C2884343A00814435 /* StoreV2.swift */,
				D3B65F2A2884342400814435 /* StoreV3.swift */,
				D324F0652880708F00BCEADB /* Store+AsyncSequence.swift */,
				D324F067288070C100BCEADB /* Store+Future.swift */,
				D324F069288070DE00BCEADB /* Store+Publisher.swift */,
			);
			path = Lib;
			sourceTree = "<group>";
		};
		D3D6BAD4287EF40200FCEC30 /* Counter */ = {
			isa = PBXGroup;
			children = (
				D3D6BAD7287EF45500FCEC30 /* Model */,
				D31529E9287B5F8300E85D56 /* CounterView.swift */,
			);
			path = Counter;
			sourceTree = "<group>";
		};
		D3D6BAD7287EF45500FCEC30 /* Model */ = {
			isa = PBXGroup;
			children = (
				D3D6BAD5287EF41600FCEC30 /* CounterState.swift */,
				D3D6BAD8287EF46A00FCEC30 /* CounterAction.swift */,
				D3D6BADE287EF9B800FCEC30 /* CounterStore.swift */,
				D3D6BADA287EF47C00FCEC30 /* CounterReducer.swift */,
			);
			path = Model;
			sourceTree = "<group>";
		};
		D3D6BAE2287F19D700FCEC30 /* Counter */ = {
			isa = PBXGroup;
			children = (
				D3D6BAE3287F19DE00FCEC30 /* Model */,
			);
			path = Counter;
			sourceTree = "<group>";
		};
		D3D6BAE3287F19DE00FCEC30 /* Model */ = {
			isa = PBXGroup;
			children = (
				D31529F8287B5F8500E85D56 /* CounterReducerTests.swift */,
			);
			path = Model;
			sourceTree = "<group>";
		};
		D3D6BAE4287F1A0E00FCEC30 /* Lib */ = {
			isa = PBXGroup;
			children = (
				D3D6BAE5287F1A1E00FCEC30 /* StoreTests.swift */,
			);
			path = Lib;
			sourceTree = "<group>";
		};
		D3F6E22C2881BDEA005834AB /* SwiftUIExtensions */ = {
			isa = PBXGroup;
			children = (
				D324F07A28813EAE00BCEADB /* ProgressView+Visibility.swift */,
				D3F6E22A2881BDDD005834AB /* Button+Enabled.swift */,
			);
			path = SwiftUIExtensions;
			sourceTree = "<group>";
		};
/* End PBXGroup section */

/* Begin PBXNativeTarget section */
		D31529E3287B5F8200E85D56 /* Redux */ = {
			isa = PBXNativeTarget;
			buildConfigurationList = D3152A08287B5F8500E85D56 /* Build configuration list for PBXNativeTarget "Redux" */;
			buildPhases = (
				D31529E0287B5F8200E85D56 /* Sources */,
				D31529E1287B5F8200E85D56 /* Frameworks */,
				D31529E2287B5F8200E85D56 /* Resources */,
			);
			buildRules = (
			);
			dependencies = (
			);
			name = Redux;
			productName = Redux;
			productReference = D31529E4287B5F8300E85D56 /* Redux.app */;
			productType = "com.apple.product-type.application";
		};
		D31529F3287B5F8500E85D56 /* ReduxTests */ = {
			isa = PBXNativeTarget;
			buildConfigurationList = D3152A0B287B5F8500E85D56 /* Build configuration list for PBXNativeTarget "ReduxTests" */;
			buildPhases = (
				D31529F0287B5F8500E85D56 /* Sources */,
				D31529F1287B5F8500E85D56 /* Frameworks */,
				D31529F2287B5F8500E85D56 /* Resources */,
			);
			buildRules = (
			);
			dependencies = (
				D31529F6287B5F8500E85D56 /* PBXTargetDependency */,
			);
			name = ReduxTests;
			productName = ReduxTests;
			productReference = D31529F4287B5F8500E85D56 /* ReduxTests.xctest */;
			productType = "com.apple.product-type.bundle.unit-test";
		};
		D31529FD287B5F8500E85D56 /* ReduxUITests */ = {
			isa = PBXNativeTarget;
			buildConfigurationList = D3152A0E287B5F8500E85D56 /* Build configuration list for PBXNativeTarget "ReduxUITests" */;
			buildPhases = (
				D31529FA287B5F8500E85D56 /* Sources */,
				D31529FB287B5F8500E85D56 /* Frameworks */,
				D31529FC287B5F8500E85D56 /* Resources */,
			);
			buildRules = (
			);
			dependencies = (
				D3152A00287B5F8500E85D56 /* PBXTargetDependency */,
			);
			name = ReduxUITests;
			productName = ReduxUITests;
			productReference = D31529FE287B5F8500E85D56 /* ReduxUITests.xctest */;
			productType = "com.apple.product-type.bundle.ui-testing";
		};
/* End PBXNativeTarget section */

/* Begin PBXProject section */
		D31529DC287B5F8200E85D56 /* Project object */ = {
			isa = PBXProject;
			attributes = {
				BuildIndependentTargetsInParallel = 1;
				LastSwiftUpdateCheck = 1340;
				LastUpgradeCheck = 1340;
				TargetAttributes = {
					D31529E3287B5F8200E85D56 = {
						CreatedOnToolsVersion = 13.4.1;
					};
					D31529F3287B5F8500E85D56 = {
						CreatedOnToolsVersion = 13.4.1;
						TestTargetID = D31529E3287B5F8200E85D56;
					};
					D31529FD287B5F8500E85D56 = {
						CreatedOnToolsVersion = 13.4.1;
						TestTargetID = D31529E3287B5F8200E85D56;
					};
				};
			};
			buildConfigurationList = D31529DF287B5F8200E85D56 /* Build configuration list for PBXProject "Redux" */;
			compatibilityVersion = "Xcode 13.0";
			developmentRegion = en;
			hasScannedForEncodings = 0;
			knownRegions = (
				en,
				Base,
			);
			mainGroup = D31529DB287B5F8200E85D56;
			productRefGroup = D31529E5287B5F8300E85D56 /* Products */;
			projectDirPath = "";
			projectRoot = "";
			targets = (
				D31529E3287B5F8200E85D56 /* Redux */,
				D31529F3287B5F8500E85D56 /* ReduxTests */,
				D31529FD287B5F8500E85D56 /* ReduxUITests */,
			);
		};
/* End PBXProject section */

/* Begin PBXResourcesBuildPhase section */
		D31529E2287B5F8200E85D56 /* Resources */ = {
			isa = PBXResourcesBuildPhase;
			buildActionMask = 2147483647;
			files = (
				D31529EF287B5F8500E85D56 /* Preview Assets.xcassets in Resources */,
				D31529EC287B5F8500E85D56 /* Assets.xcassets in Resources */,
			);
			runOnlyForDeploymentPostprocessing = 0;
		};
		D31529F2287B5F8500E85D56 /* Resources */ = {
			isa = PBXResourcesBuildPhase;
			buildActionMask = 2147483647;
			files = (
			);
			runOnlyForDeploymentPostprocessing = 0;
		};
		D31529FC287B5F8500E85D56 /* Resources */ = {
			isa = PBXResourcesBuildPhase;
			buildActionMask = 2147483647;
			files = (
			);
			runOnlyForDeploymentPostprocessing = 0;
		};
/* End PBXResourcesBuildPhase section */

/* Begin PBXSourcesBuildPhase section */
		D31529E0287B5F8200E85D56 /* Sources */ = {
			isa = PBXSourcesBuildPhase;
			buildActionMask = 2147483647;
			files = (
				D3F6E22F2882E3A6005834AB /* AsyncStreamReducer.swift in Sources */,
				D324F06A288070DE00BCEADB /* Store+Publisher.swift in Sources */,
				D324F068288070C100BCEADB /* Store+Future.swift in Sources */,
				D3D6BAD2287EF0A900FCEC30 /* Store.swift in Sources */,
				D3D6BADB287EF47C00FCEC30 /* CounterReducer.swift in Sources */,
				D3D6BADF287EF9B800FCEC30 /* CounterStore.swift in Sources */,
				D324F0742880B34300BCEADB /* AsyncCounterAction.swift in Sources */,
				D324F0702880B27500BCEADB /* AsyncCounterState.swift in Sources */,
				D3B65F2028842DF800814435 /* AsyncStreamState.swift in Sources */,
				D3B65F2D2884343A00814435 /* StoreV2.swift in Sources */,
				D3F6E22B2881BDDD005834AB /* Button+Enabled.swift in Sources */,
				D324F0662880708F00BCEADB /* Store+AsyncSequence.swift in Sources */,
				D324F06D2880728900BCEADB /* AsyncCounterView.swift in Sources */,
				D3B65F2428842F9400814435 /* AsyncSteamAnalyticsMiddleware.swift in Sources */,
				D31529EA287B5F8300E85D56 /* CounterView.swift in Sources */,
				D3B65F2B2884342400814435 /* StoreV3.swift in Sources */,
				D3B65F1E28842DD300814435 /* AsyncStreamAction.swift in Sources */,
				D324F0762880B3A900BCEADB /* AsyncCounterReducer.swift in Sources */,
				D3D6BAD6287EF41600FCEC30 /* CounterState.swift in Sources */,
				D3D6BAE8287F218C00FCEC30 /* Middleware.swift in Sources */,
				D324F0722880B2B000BCEADB /* AsyncCounterStore.swift in Sources */,
				D3B65F292884315E00814435 /* StreamIterator.swift in Sources */,
				D3D6BAE1287F171200FCEC30 /* State.swift in Sources */,
				D324F07B28813EAE00BCEADB /* ProgressView+Visibility.swift in Sources */,
				D3F6E2312883325A005834AB /* AsyncStreamView.swift in Sources */,
				D3B65F272884311700814435 /* Stream.swift in Sources */,
				D31529E8287B5F8300E85D56 /* ReduxApp.swift in Sources */,
				D3D6BAEC287F24CB00FCEC30 /* EchoMiddleware.swift in Sources */,
				D324F06228806D3000BCEADB /* MiddlewareBuilder.swift in Sources */,
				D324F0792880B59900BCEADB /* AnalyticsMiddleware.swift in Sources */,
				D3D6BAEA287F236300FCEC30 /* AnyMiddleware.swift in Sources */,
				D3D6BAD9287EF46A00FCEC30 /* CounterAction.swift in Sources */,
				D3B65F2228842E1500814435 /* AsyncStreamStore.swift in Sources */,
				D3D6BAEE287F27BF00FCEC30 /* MiddlewarePipeline.swift in Sources */,
				D3D6BADD287EF52C00FCEC30 /* Reducers.swift in Sources */,
				D324F06428806D7B00BCEADB /* LogMiddleware.swift in Sources */,
			);
			runOnlyForDeploymentPostprocessing = 0;
		};
		D31529F0287B5F8500E85D56 /* Sources */ = {
			isa = PBXSourcesBuildPhase;
			buildActionMask = 2147483647;
			files = (
				D31529F9287B5F8500E85D56 /* CounterReducerTests.swift in Sources */,
				D3D6BAE6287F1A1E00FCEC30 /* StoreTests.swift in Sources */,
			);
			runOnlyForDeploymentPostprocessing = 0;
		};
		D31529FA287B5F8500E85D56 /* Sources */ = {
			isa = PBXSourcesBuildPhase;
			buildActionMask = 2147483647;
			files = (
				D3152A03287B5F8500E85D56 /* ReduxUITests.swift in Sources */,
				D3152A05287B5F8500E85D56 /* ReduxUITestsLaunchTests.swift in Sources */,
			);
			runOnlyForDeploymentPostprocessing = 0;
		};
/* End PBXSourcesBuildPhase section */

/* Begin PBXTargetDependency section */
		D31529F6287B5F8500E85D56 /* PBXTargetDependency */ = {
			isa = PBXTargetDependency;
			target = D31529E3287B5F8200E85D56 /* Redux */;
			targetProxy = D31529F5287B5F8500E85D56 /* PBXContainerItemProxy */;
		};
		D3152A00287B5F8500E85D56 /* PBXTargetDependency */ = {
			isa = PBXTargetDependency;
			target = D31529E3287B5F8200E85D56 /* Redux */;
			targetProxy = D31529FF287B5F8500E85D56 /* PBXContainerItemProxy */;
		};
/* End PBXTargetDependency section */

/* Begin XCBuildConfiguration section */
		D3152A06287B5F8500E85D56 /* Debug */ = {
			isa = XCBuildConfiguration;
			buildSettings = {
				ALWAYS_SEARCH_USER_PATHS = NO;
				CLANG_ANALYZER_NONNULL = YES;
				CLANG_ANALYZER_NUMBER_OBJECT_CONVERSION = YES_AGGRESSIVE;
				CLANG_CXX_LANGUAGE_STANDARD = "gnu++17";
				CLANG_ENABLE_MODULES = YES;
				CLANG_ENABLE_OBJC_ARC = YES;
				CLANG_ENABLE_OBJC_WEAK = YES;
				CLANG_WARN_BLOCK_CAPTURE_AUTORELEASING = YES;
				CLANG_WARN_BOOL_CONVERSION = YES;
				CLANG_WARN_COMMA = YES;
				CLANG_WARN_CONSTANT_CONVERSION = YES;
				CLANG_WARN_DEPRECATED_OBJC_IMPLEMENTATIONS = YES;
				CLANG_WARN_DIRECT_OBJC_ISA_USAGE = YES_ERROR;
				CLANG_WARN_DOCUMENTATION_COMMENTS = YES;
				CLANG_WARN_EMPTY_BODY = YES;
				CLANG_WARN_ENUM_CONVERSION = YES;
				CLANG_WARN_INFINITE_RECURSION = YES;
				CLANG_WARN_INT_CONVERSION = YES;
				CLANG_WARN_NON_LITERAL_NULL_CONVERSION = YES;
				CLANG_WARN_OBJC_IMPLICIT_RETAIN_SELF = YES;
				CLANG_WARN_OBJC_LITERAL_CONVERSION = YES;
				CLANG_WARN_OBJC_ROOT_CLASS = YES_ERROR;
				CLANG_WARN_QUOTED_INCLUDE_IN_FRAMEWORK_HEADER = YES;
				CLANG_WARN_RANGE_LOOP_ANALYSIS = YES;
				CLANG_WARN_STRICT_PROTOTYPES = YES;
				CLANG_WARN_SUSPICIOUS_MOVE = YES;
				CLANG_WARN_UNGUARDED_AVAILABILITY = YES_AGGRESSIVE;
				CLANG_WARN_UNREACHABLE_CODE = YES;
				CLANG_WARN__DUPLICATE_METHOD_MATCH = YES;
				COPY_PHASE_STRIP = NO;
				DEBUG_INFORMATION_FORMAT = dwarf;
				ENABLE_STRICT_OBJC_MSGSEND = YES;
				ENABLE_TESTABILITY = YES;
				GCC_C_LANGUAGE_STANDARD = gnu11;
				GCC_DYNAMIC_NO_PIC = NO;
				GCC_NO_COMMON_BLOCKS = YES;
				GCC_OPTIMIZATION_LEVEL = 0;
				GCC_PREPROCESSOR_DEFINITIONS = (
					"DEBUG=1",
					"$(inherited)",
				);
				GCC_WARN_64_TO_32_BIT_CONVERSION = YES;
				GCC_WARN_ABOUT_RETURN_TYPE = YES_ERROR;
				GCC_WARN_UNDECLARED_SELECTOR = YES;
				GCC_WARN_UNINITIALIZED_AUTOS = YES_AGGRESSIVE;
				GCC_WARN_UNUSED_FUNCTION = YES;
				GCC_WARN_UNUSED_VARIABLE = YES;
				IPHONEOS_DEPLOYMENT_TARGET = 15.5;
				MTL_ENABLE_DEBUG_INFO = INCLUDE_SOURCE;
				MTL_FAST_MATH = YES;
				ONLY_ACTIVE_ARCH = YES;
				SDKROOT = iphoneos;
				SWIFT_ACTIVE_COMPILATION_CONDITIONS = DEBUG;
				SWIFT_OPTIMIZATION_LEVEL = "-Onone";
			};
			name = Debug;
		};
		D3152A07287B5F8500E85D56 /* Release */ = {
			isa = XCBuildConfiguration;
			buildSettings = {
				ALWAYS_SEARCH_USER_PATHS = NO;
				CLANG_ANALYZER_NONNULL = YES;
				CLANG_ANALYZER_NUMBER_OBJECT_CONVERSION = YES_AGGRESSIVE;
				CLANG_CXX_LANGUAGE_STANDARD = "gnu++17";
				CLANG_ENABLE_MODULES = YES;
				CLANG_ENABLE_OBJC_ARC = YES;
				CLANG_ENABLE_OBJC_WEAK = YES;
				CLANG_WARN_BLOCK_CAPTURE_AUTORELEASING = YES;
				CLANG_WARN_BOOL_CONVERSION = YES;
				CLANG_WARN_COMMA = YES;
				CLANG_WARN_CONSTANT_CONVERSION = YES;
				CLANG_WARN_DEPRECATED_OBJC_IMPLEMENTATIONS = YES;
				CLANG_WARN_DIRECT_OBJC_ISA_USAGE = YES_ERROR;
				CLANG_WARN_DOCUMENTATION_COMMENTS = YES;
				CLANG_WARN_EMPTY_BODY = YES;
				CLANG_WARN_ENUM_CONVERSION = YES;
				CLANG_WARN_INFINITE_RECURSION = YES;
				CLANG_WARN_INT_CONVERSION = YES;
				CLANG_WARN_NON_LITERAL_NULL_CONVERSION = YES;
				CLANG_WARN_OBJC_IMPLICIT_RETAIN_SELF = YES;
				CLANG_WARN_OBJC_LITERAL_CONVERSION = YES;
				CLANG_WARN_OBJC_ROOT_CLASS = YES_ERROR;
				CLANG_WARN_QUOTED_INCLUDE_IN_FRAMEWORK_HEADER = YES;
				CLANG_WARN_RANGE_LOOP_ANALYSIS = YES;
				CLANG_WARN_STRICT_PROTOTYPES = YES;
				CLANG_WARN_SUSPICIOUS_MOVE = YES;
				CLANG_WARN_UNGUARDED_AVAILABILITY = YES_AGGRESSIVE;
				CLANG_WARN_UNREACHABLE_CODE = YES;
				CLANG_WARN__DUPLICATE_METHOD_MATCH = YES;
				COPY_PHASE_STRIP = NO;
				DEBUG_INFORMATION_FORMAT = "dwarf-with-dsym";
				ENABLE_NS_ASSERTIONS = NO;
				ENABLE_STRICT_OBJC_MSGSEND = YES;
				GCC_C_LANGUAGE_STANDARD = gnu11;
				GCC_NO_COMMON_BLOCKS = YES;
				GCC_WARN_64_TO_32_BIT_CONVERSION = YES;
				GCC_WARN_ABOUT_RETURN_TYPE = YES_ERROR;
				GCC_WARN_UNDECLARED_SELECTOR = YES;
				GCC_WARN_UNINITIALIZED_AUTOS = YES_AGGRESSIVE;
				GCC_WARN_UNUSED_FUNCTION = YES;
				GCC_WARN_UNUSED_VARIABLE = YES;
				IPHONEOS_DEPLOYMENT_TARGET = 15.5;
				MTL_ENABLE_DEBUG_INFO = NO;
				MTL_FAST_MATH = YES;
				SDKROOT = iphoneos;
				SWIFT_COMPILATION_MODE = wholemodule;
				SWIFT_OPTIMIZATION_LEVEL = "-O";
				VALIDATE_PRODUCT = YES;
			};
			name = Release;
		};
		D3152A09287B5F8500E85D56 /* Debug */ = {
			isa = XCBuildConfiguration;
			buildSettings = {
				ASSETCATALOG_COMPILER_APPICON_NAME = AppIcon;
				ASSETCATALOG_COMPILER_GLOBAL_ACCENT_COLOR_NAME = AccentColor;
				CODE_SIGN_STYLE = Automatic;
				CURRENT_PROJECT_VERSION = 1;
				DEVELOPMENT_ASSET_PATHS = "\"Redux/Preview Content\"";
				DEVELOPMENT_TEAM = U36872D6G6;
				ENABLE_PREVIEWS = YES;
				GENERATE_INFOPLIST_FILE = YES;
				INFOPLIST_KEY_UIApplicationSceneManifest_Generation = YES;
				INFOPLIST_KEY_UIApplicationSupportsIndirectInputEvents = YES;
				INFOPLIST_KEY_UILaunchScreen_Generation = YES;
				INFOPLIST_KEY_UISupportedInterfaceOrientations_iPad = "UIInterfaceOrientationPortrait UIInterfaceOrientationPortraitUpsideDown UIInterfaceOrientationLandscapeLeft UIInterfaceOrientationLandscapeRight";
				INFOPLIST_KEY_UISupportedInterfaceOrientations_iPhone = "UIInterfaceOrientationPortrait UIInterfaceOrientationLandscapeLeft UIInterfaceOrientationLandscapeRight";
				LD_RUNPATH_SEARCH_PATHS = (
					"$(inherited)",
					"@executable_path/Frameworks",
				);
				MARKETING_VERSION = 1.0;
				PRODUCT_BUNDLE_IDENTIFIER = com.github.albertopeam.Redux;
				PRODUCT_NAME = "$(TARGET_NAME)";
				SWIFT_EMIT_LOC_STRINGS = YES;
				SWIFT_VERSION = 5.0;
				TARGETED_DEVICE_FAMILY = "1,2";
			};
			name = Debug;
		};
		D3152A0A287B5F8500E85D56 /* Release */ = {
			isa = XCBuildConfiguration;
			buildSettings = {
				ASSETCATALOG_COMPILER_APPICON_NAME = AppIcon;
				ASSETCATALOG_COMPILER_GLOBAL_ACCENT_COLOR_NAME = AccentColor;
				CODE_SIGN_STYLE = Automatic;
				CURRENT_PROJECT_VERSION = 1;
				DEVELOPMENT_ASSET_PATHS = "\"Redux/Preview Content\"";
				DEVELOPMENT_TEAM = U36872D6G6;
				ENABLE_PREVIEWS = YES;
				GENERATE_INFOPLIST_FILE = YES;
				INFOPLIST_KEY_UIApplicationSceneManifest_Generation = YES;
				INFOPLIST_KEY_UIApplicationSupportsIndirectInputEvents = YES;
				INFOPLIST_KEY_UILaunchScreen_Generation = YES;
				INFOPLIST_KEY_UISupportedInterfaceOrientations_iPad = "UIInterfaceOrientationPortrait UIInterfaceOrientationPortraitUpsideDown UIInterfaceOrientationLandscapeLeft UIInterfaceOrientationLandscapeRight";
				INFOPLIST_KEY_UISupportedInterfaceOrientations_iPhone = "UIInterfaceOrientationPortrait UIInterfaceOrientationLandscapeLeft UIInterfaceOrientationLandscapeRight";
				LD_RUNPATH_SEARCH_PATHS = (
					"$(inherited)",
					"@executable_path/Frameworks",
				);
				MARKETING_VERSION = 1.0;
				PRODUCT_BUNDLE_IDENTIFIER = com.github.albertopeam.Redux;
				PRODUCT_NAME = "$(TARGET_NAME)";
				SWIFT_EMIT_LOC_STRINGS = YES;
				SWIFT_VERSION = 5.0;
				TARGETED_DEVICE_FAMILY = "1,2";
			};
			name = Release;
		};
		D3152A0C287B5F8500E85D56 /* Debug */ = {
			isa = XCBuildConfiguration;
			buildSettings = {
				ALWAYS_EMBED_SWIFT_STANDARD_LIBRARIES = YES;
				BUNDLE_LOADER = "$(TEST_HOST)";
				CODE_SIGN_STYLE = Automatic;
				CURRENT_PROJECT_VERSION = 1;
				DEVELOPMENT_TEAM = U36872D6G6;
				GENERATE_INFOPLIST_FILE = YES;
				IPHONEOS_DEPLOYMENT_TARGET = 15.5;
				MARKETING_VERSION = 1.0;
				PRODUCT_BUNDLE_IDENTIFIER = com.github.albertopeam.ReduxTests;
				PRODUCT_NAME = "$(TARGET_NAME)";
				SWIFT_EMIT_LOC_STRINGS = NO;
				SWIFT_VERSION = 5.0;
				TARGETED_DEVICE_FAMILY = "1,2";
				TEST_HOST = "$(BUILT_PRODUCTS_DIR)/Redux.app/Redux";
			};
			name = Debug;
		};
		D3152A0D287B5F8500E85D56 /* Release */ = {
			isa = XCBuildConfiguration;
			buildSettings = {
				ALWAYS_EMBED_SWIFT_STANDARD_LIBRARIES = YES;
				BUNDLE_LOADER = "$(TEST_HOST)";
				CODE_SIGN_STYLE = Automatic;
				CURRENT_PROJECT_VERSION = 1;
				DEVELOPMENT_TEAM = U36872D6G6;
				GENERATE_INFOPLIST_FILE = YES;
				IPHONEOS_DEPLOYMENT_TARGET = 15.5;
				MARKETING_VERSION = 1.0;
				PRODUCT_BUNDLE_IDENTIFIER = com.github.albertopeam.ReduxTests;
				PRODUCT_NAME = "$(TARGET_NAME)";
				SWIFT_EMIT_LOC_STRINGS = NO;
				SWIFT_VERSION = 5.0;
				TARGETED_DEVICE_FAMILY = "1,2";
				TEST_HOST = "$(BUILT_PRODUCTS_DIR)/Redux.app/Redux";
			};
			name = Release;
		};
		D3152A0F287B5F8500E85D56 /* Debug */ = {
			isa = XCBuildConfiguration;
			buildSettings = {
				ALWAYS_EMBED_SWIFT_STANDARD_LIBRARIES = YES;
				CODE_SIGN_STYLE = Automatic;
				CURRENT_PROJECT_VERSION = 1;
				DEVELOPMENT_TEAM = U36872D6G6;
				GENERATE_INFOPLIST_FILE = YES;
				MARKETING_VERSION = 1.0;
				PRODUCT_BUNDLE_IDENTIFIER = com.github.albertopeam.ReduxUITests;
				PRODUCT_NAME = "$(TARGET_NAME)";
				SWIFT_EMIT_LOC_STRINGS = NO;
				SWIFT_VERSION = 5.0;
				TARGETED_DEVICE_FAMILY = "1,2";
				TEST_TARGET_NAME = Redux;
			};
			name = Debug;
		};
		D3152A10287B5F8500E85D56 /* Release */ = {
			isa = XCBuildConfiguration;
			buildSettings = {
				ALWAYS_EMBED_SWIFT_STANDARD_LIBRARIES = YES;
				CODE_SIGN_STYLE = Automatic;
				CURRENT_PROJECT_VERSION = 1;
				DEVELOPMENT_TEAM = U36872D6G6;
				GENERATE_INFOPLIST_FILE = YES;
				MARKETING_VERSION = 1.0;
				PRODUCT_BUNDLE_IDENTIFIER = com.github.albertopeam.ReduxUITests;
				PRODUCT_NAME = "$(TARGET_NAME)";
				SWIFT_EMIT_LOC_STRINGS = NO;
				SWIFT_VERSION = 5.0;
				TARGETED_DEVICE_FAMILY = "1,2";
				TEST_TARGET_NAME = Redux;
			};
			name = Release;
		};
/* End XCBuildConfiguration section */

/* Begin XCConfigurationList section */
		D31529DF287B5F8200E85D56 /* Build configuration list for PBXProject "Redux" */ = {
			isa = XCConfigurationList;
			buildConfigurations = (
				D3152A06287B5F8500E85D56 /* Debug */,
				D3152A07287B5F8500E85D56 /* Release */,
			);
			defaultConfigurationIsVisible = 0;
			defaultConfigurationName = Release;
		};
		D3152A08287B5F8500E85D56 /* Build configuration list for PBXNativeTarget "Redux" */ = {
			isa = XCConfigurationList;
			buildConfigurations = (
				D3152A09287B5F8500E85D56 /* Debug */,
				D3152A0A287B5F8500E85D56 /* Release */,
			);
			defaultConfigurationIsVisible = 0;
			defaultConfigurationName = Release;
		};
		D3152A0B287B5F8500E85D56 /* Build configuration list for PBXNativeTarget "ReduxTests" */ = {
			isa = XCConfigurationList;
			buildConfigurations = (
				D3152A0C287B5F8500E85D56 /* Debug */,
				D3152A0D287B5F8500E85D56 /* Release */,
			);
			defaultConfigurationIsVisible = 0;
			defaultConfigurationName = Release;
		};
		D3152A0E287B5F8500E85D56 /* Build configuration list for PBXNativeTarget "ReduxUITests" */ = {
			isa = XCConfigurationList;
			buildConfigurations = (
				D3152A0F287B5F8500E85D56 /* Debug */,
				D3152A10287B5F8500E85D56 /* Release */,
			);
			defaultConfigurationIsVisible = 0;
			defaultConfigurationName = Release;
		};
/* End XCConfigurationList section */
	};
	rootObject = D31529DC287B5F8200E85D56 /* Project object */;
}
